
Microsoft Visual Studio Solution File, Format Version 12.00
# Visual Studio 15
VisualStudioVersion = 15.0.28307.902
MinimumVisualStudioVersion = 10.0.40219.1
Project("{8BC9CEB8-8B4A-11D0-8D11-00A0C91BC942}") = "CrowdSimulator", "CrowdSimulator\CrowdSimulator.vcxproj", "{21607A30-A7A4-40FF-99BE-EC5EF6CD4162}"
EndProject
Global
	GlobalSection(SolutionConfigurationPlatforms) = preSolution
		Debug|x64 = Debug|x64
		Release|x64 = Release|x64
	EndGlobalSection
	GlobalSection(ProjectConfigurationPlatforms) = postSolution
		{21607A30-A7A4-40FF-99BE-EC5EF6CD4162}.Debug|x64.ActiveCfg = Debug|x64
		{21607A30-A7A4-40FF-99BE-EC5EF6CD4162}.Debug|x64.Build.0 = Debug|x64
		{21607A30-A7A4-40FF-99BE-EC5EF6CD4162}.Release|x64.ActiveCfg = Release|x64
		{21607A30-A7A4-40FF-99BE-EC5EF6CD4162}.Release|x64.Build.0 = Release|x64
	EndGlobalSection
	GlobalSection(SolutionProperties) = preSolution
		HideSolutionNode = FALSE
	EndGlobalSection
	GlobalSection(ExtensibilityGlobals) = postSolution
		SolutionGuid = {96D08379-CF14-4F29-8AFE-17BE1FC912D6}
	EndGlobalSection
EndGlobal
